
Microsoft Visual Studio Solution File, Format Version 12.00
# Visual Studio 2013
VisualStudioVersion = 12.0.40629.0
MinimumVisualStudioVersion = 10.0.40219.1
Project("{B1E792BE-AA5F-4E3C-8C82-674BF9C0715B}") = "XCS_PER", "XCS_PER\XCS_PER.tsproj", "{65ED6408-D8BE-4EA1-9264-C3B031BD8244}"
EndProject
Global
	GlobalSection(SubversionScc) = preSolution
		Svn-Managed = True
		Manager = AnkhSVN - Subversion Support for Visual Studio
	EndGlobalSection
	GlobalSection(SolutionConfigurationPlatforms) = preSolution
		Debug|TwinCAT CE7 (ARMV7) = Debug|TwinCAT CE7 (ARMV7)
		Debug|TwinCAT RT (x64) = Debug|TwinCAT RT (x64)
		Debug|TwinCAT RT (x86) = Debug|TwinCAT RT (x86)
		Release|TwinCAT CE7 (ARMV7) = Release|TwinCAT CE7 (ARMV7)
		Release|TwinCAT RT (x64) = Release|TwinCAT RT (x64)
		Release|TwinCAT RT (x86) = Release|TwinCAT RT (x86)
	EndGlobalSection
	GlobalSection(ProjectConfigurationPlatforms) = postSolution
		{65ED6408-D8BE-4EA1-9264-C3B031BD8244}.Debug|TwinCAT CE7 (ARMV7).ActiveCfg = Debug|TwinCAT CE7 (ARMV7)
		{65ED6408-D8BE-4EA1-9264-C3B031BD8244}.Debug|TwinCAT CE7 (ARMV7).Build.0 = Debug|TwinCAT CE7 (ARMV7)
		{65ED6408-D8BE-4EA1-9264-C3B031BD8244}.Debug|TwinCAT RT (x64).ActiveCfg = Debug|TwinCAT RT (x64)
		{65ED6408-D8BE-4EA1-9264-C3B031BD8244}.Debug|TwinCAT RT (x64).Build.0 = Debug|TwinCAT RT (x64)
		{65ED6408-D8BE-4EA1-9264-C3B031BD8244}.Debug|TwinCAT RT (x86).ActiveCfg = Debug|TwinCAT RT (x86)
		{65ED6408-D8BE-4EA1-9264-C3B031BD8244}.Debug|TwinCAT RT (x86).Build.0 = Debug|TwinCAT RT (x86)
		{65ED6408-D8BE-4EA1-9264-C3B031BD8244}.Release|TwinCAT CE7 (ARMV7).ActiveCfg = Release|TwinCAT CE7 (ARMV7)
		{65ED6408-D8BE-4EA1-9264-C3B031BD8244}.Release|TwinCAT CE7 (ARMV7).Build.0 = Release|TwinCAT CE7 (ARMV7)
		{65ED6408-D8BE-4EA1-9264-C3B031BD8244}.Release|TwinCAT RT (x64).ActiveCfg = Release|TwinCAT RT (x64)
		{65ED6408-D8BE-4EA1-9264-C3B031BD8244}.Release|TwinCAT RT (x64).Build.0 = Release|TwinCAT RT (x64)
		{65ED6408-D8BE-4EA1-9264-C3B031BD8244}.Release|TwinCAT RT (x86).ActiveCfg = Release|TwinCAT RT (x86)
		{65ED6408-D8BE-4EA1-9264-C3B031BD8244}.Release|TwinCAT RT (x86).Build.0 = Release|TwinCAT RT (x86)
		{C7D45E03-22B7-4BF5-A560-CBF00DD4BFAE}.Debug|TwinCAT CE7 (ARMV7).ActiveCfg = Debug|TwinCAT CE7 (ARMV7)
		{C7D45E03-22B7-4BF5-A560-CBF00DD4BFAE}.Debug|TwinCAT CE7 (ARMV7).Build.0 = Debug|TwinCAT CE7 (ARMV7)
		{C7D45E03-22B7-4BF5-A560-CBF00DD4BFAE}.Debug|TwinCAT RT (x64).ActiveCfg = Debug|TwinCAT RT (x64)
		{C7D45E03-22B7-4BF5-A560-CBF00DD4BFAE}.Debug|TwinCAT RT (x64).Build.0 = Debug|TwinCAT RT (x64)
		{C7D45E03-22B7-4BF5-A560-CBF00DD4BFAE}.Debug|TwinCAT RT (x86).ActiveCfg = Debug|TwinCAT RT (x86)
		{C7D45E03-22B7-4BF5-A560-CBF00DD4BFAE}.Debug|TwinCAT RT (x86).Build.0 = Debug|TwinCAT RT (x86)
		{C7D45E03-22B7-4BF5-A560-CBF00DD4BFAE}.Release|TwinCAT CE7 (ARMV7).ActiveCfg = Release|TwinCAT CE7 (ARMV7)
		{C7D45E03-22B7-4BF5-A560-CBF00DD4BFAE}.Release|TwinCAT CE7 (ARMV7).Build.0 = Release|TwinCAT CE7 (ARMV7)
		{C7D45E03-22B7-4BF5-A560-CBF00DD4BFAE}.Release|TwinCAT RT (x64).ActiveCfg = Release|TwinCAT RT (x64)
		{C7D45E03-22B7-4BF5-A560-CBF00DD4BFAE}.Release|TwinCAT RT (x64).Build.0 = Release|TwinCAT RT (x64)
		{C7D45E03-22B7-4BF5-A560-CBF00DD4BFAE}.Release|TwinCAT RT (x86).ActiveCfg = Release|TwinCAT RT (x86)
		{C7D45E03-22B7-4BF5-A560-CBF00DD4BFAE}.Release|TwinCAT RT (x86).Build.0 = Release|TwinCAT RT (x86)
	EndGlobalSection
	GlobalSection(SolutionProperties) = preSolution
		HideSolutionNode = FALSE
	EndGlobalSection
EndGlobal
