
Microsoft Visual Studio Solution File, Format Version 12.00
# TcXaeShell Solution File, Format Version 11.00
VisualStudioVersion = 15.0.28307.1300
MinimumVisualStudioVersion = 10.0.40219.1
Project("{B1E792BE-AA5F-4E3C-8C82-674BF9C0715B}") = "XCS_PER", "XCS_PER.tsproj", "{9EEA23FF-76E0-4A2D-9D7C-3B3A5B227B2A}"
EndProject
Global
	GlobalSection(SolutionConfigurationPlatforms) = preSolution
		Debug|TwinCAT CE7 (ARMV7) = Debug|TwinCAT CE7 (ARMV7)
		Debug|TwinCAT RT (x64) = Debug|TwinCAT RT (x64)
		Debug|TwinCAT RT (x86) = Debug|TwinCAT RT (x86)
		Release|TwinCAT CE7 (ARMV7) = Release|TwinCAT CE7 (ARMV7)
		Release|TwinCAT RT (x64) = Release|TwinCAT RT (x64)
		Release|TwinCAT RT (x86) = Release|TwinCAT RT (x86)
	EndGlobalSection
	GlobalSection(ProjectConfigurationPlatforms) = postSolution
		{9EEA23FF-76E0-4A2D-9D7C-3B3A5B227B2A}.Debug|TwinCAT CE7 (ARMV7).ActiveCfg = Debug|TwinCAT CE7 (ARMV7)
		{9EEA23FF-76E0-4A2D-9D7C-3B3A5B227B2A}.Debug|TwinCAT CE7 (ARMV7).Build.0 = Debug|TwinCAT CE7 (ARMV7)
		{9EEA23FF-76E0-4A2D-9D7C-3B3A5B227B2A}.Debug|TwinCAT RT (x64).ActiveCfg = Debug|TwinCAT RT (x64)
		{9EEA23FF-76E0-4A2D-9D7C-3B3A5B227B2A}.Debug|TwinCAT RT (x64).Build.0 = Debug|TwinCAT RT (x64)
		{9EEA23FF-76E0-4A2D-9D7C-3B3A5B227B2A}.Debug|TwinCAT RT (x86).ActiveCfg = Debug|TwinCAT RT (x86)
		{9EEA23FF-76E0-4A2D-9D7C-3B3A5B227B2A}.Debug|TwinCAT RT (x86).Build.0 = Debug|TwinCAT RT (x86)
		{9EEA23FF-76E0-4A2D-9D7C-3B3A5B227B2A}.Release|TwinCAT CE7 (ARMV7).ActiveCfg = Release|TwinCAT CE7 (ARMV7)
		{9EEA23FF-76E0-4A2D-9D7C-3B3A5B227B2A}.Release|TwinCAT CE7 (ARMV7).Build.0 = Release|TwinCAT CE7 (ARMV7)
		{9EEA23FF-76E0-4A2D-9D7C-3B3A5B227B2A}.Release|TwinCAT RT (x64).ActiveCfg = Release|TwinCAT RT (x64)
		{9EEA23FF-76E0-4A2D-9D7C-3B3A5B227B2A}.Release|TwinCAT RT (x64).Build.0 = Release|TwinCAT RT (x64)
		{9EEA23FF-76E0-4A2D-9D7C-3B3A5B227B2A}.Release|TwinCAT RT (x86).ActiveCfg = Release|TwinCAT RT (x86)
		{9EEA23FF-76E0-4A2D-9D7C-3B3A5B227B2A}.Release|TwinCAT RT (x86).Build.0 = Release|TwinCAT RT (x86)
		{C7D45E03-22B7-4BF5-A560-CBF00DD4BFAE}.Debug|TwinCAT CE7 (ARMV7).ActiveCfg = Debug|TwinCAT CE7 (ARMV7)
		{C7D45E03-22B7-4BF5-A560-CBF00DD4BFAE}.Debug|TwinCAT CE7 (ARMV7).Build.0 = Debug|TwinCAT CE7 (ARMV7)
		{C7D45E03-22B7-4BF5-A560-CBF00DD4BFAE}.Debug|TwinCAT RT (x64).ActiveCfg = Debug|TwinCAT RT (x64)
		{C7D45E03-22B7-4BF5-A560-CBF00DD4BFAE}.Debug|TwinCAT RT (x64).Build.0 = Debug|TwinCAT RT (x64)
		{C7D45E03-22B7-4BF5-A560-CBF00DD4BFAE}.Debug|TwinCAT RT (x86).ActiveCfg = Debug|TwinCAT RT (x86)
		{C7D45E03-22B7-4BF5-A560-CBF00DD4BFAE}.Debug|TwinCAT RT (x86).Build.0 = Debug|TwinCAT RT (x86)
		{C7D45E03-22B7-4BF5-A560-CBF00DD4BFAE}.Release|TwinCAT CE7 (ARMV7).ActiveCfg = Release|TwinCAT CE7 (ARMV7)
		{C7D45E03-22B7-4BF5-A560-CBF00DD4BFAE}.Release|TwinCAT CE7 (ARMV7).Build.0 = Release|TwinCAT CE7 (ARMV7)
		{C7D45E03-22B7-4BF5-A560-CBF00DD4BFAE}.Release|TwinCAT RT (x64).ActiveCfg = Release|TwinCAT RT (x64)
		{C7D45E03-22B7-4BF5-A560-CBF00DD4BFAE}.Release|TwinCAT RT (x64).Build.0 = Release|TwinCAT RT (x64)
		{C7D45E03-22B7-4BF5-A560-CBF00DD4BFAE}.Release|TwinCAT RT (x86).ActiveCfg = Release|TwinCAT RT (x86)
		{C7D45E03-22B7-4BF5-A560-CBF00DD4BFAE}.Release|TwinCAT RT (x86).Build.0 = Release|TwinCAT RT (x86)
	EndGlobalSection
	GlobalSection(SolutionProperties) = preSolution
		HideSolutionNode = FALSE
	EndGlobalSection
	GlobalSection(ExtensibilityGlobals) = postSolution
		SolutionGuid = {BC2F2056-E7A9-47B6-8548-DEDC2E911278}
	EndGlobalSection
EndGlobal
